
Microsoft Visual Studio Solution File, Format Version 12.00
# Visual Studio Version 16
VisualStudioVersion = 16.0.808.8
MinimumVisualStudioVersion = 10.0.40219.1
Project("{FAE04EC0-301F-11D3-BF4B-00C04F79EFBC}") = "ListViewExample.Android", "ListViewExample.Android\ListViewExample.Android.csproj", "{5F085C9F-7B7C-49D7-82D5-5E2260E9D44F}"
EndProject
Project("{FAE04EC0-301F-11D3-BF4B-00C04F79EFBC}") = "ListViewExample.iOS", "ListViewExample.iOS\ListViewExample.iOS.csproj", "{91647DCA-6F57-4832-9CB0-4AF8AE077D21}"
EndProject
Project("{FAE04EC0-301F-11D3-BF4B-00C04F79EFBC}") = "ListViewExample", "ListViewExample\ListViewExample.csproj", "{C780E0D9-5EC3-4E11-BF20-9C4D5A005ED9}"
EndProject
Global
	GlobalSection(SolutionConfigurationPlatforms) = preSolution
		Debug|Any CPU = Debug|Any CPU
		Release|Any CPU = Release|Any CPU
		Debug|iPhoneSimulator = Debug|iPhoneSimulator
		Release|iPhoneSimulator = Release|iPhoneSimulator
		Debug|iPhone = Debug|iPhone
		Release|iPhone = Release|iPhone
	EndGlobalSection
	GlobalSection(ProjectConfigurationPlatforms) = postSolution
		{5F085C9F-7B7C-49D7-82D5-5E2260E9D44F}.Debug|Any CPU.ActiveCfg = Debug|Any CPU
		{5F085C9F-7B7C-49D7-82D5-5E2260E9D44F}.Debug|Any CPU.Build.0 = Debug|Any CPU
		{5F085C9F-7B7C-49D7-82D5-5E2260E9D44F}.Release|Any CPU.ActiveCfg = Release|Any CPU
		{5F085C9F-7B7C-49D7-82D5-5E2260E9D44F}.Release|Any CPU.Build.0 = Release|Any CPU
		{5F085C9F-7B7C-49D7-82D5-5E2260E9D44F}.Debug|iPhoneSimulator.ActiveCfg = Debug|Any CPU
		{5F085C9F-7B7C-49D7-82D5-5E2260E9D44F}.Debug|iPhoneSimulator.Build.0 = Debug|Any CPU
		{5F085C9F-7B7C-49D7-82D5-5E2260E9D44F}.Release|iPhoneSimulator.ActiveCfg = Release|Any CPU
		{5F085C9F-7B7C-49D7-82D5-5E2260E9D44F}.Release|iPhoneSimulator.Build.0 = Release|Any CPU
		{5F085C9F-7B7C-49D7-82D5-5E2260E9D44F}.Debug|iPhone.ActiveCfg = Debug|Any CPU
		{5F085C9F-7B7C-49D7-82D5-5E2260E9D44F}.Debug|iPhone.Build.0 = Debug|Any CPU
		{5F085C9F-7B7C-49D7-82D5-5E2260E9D44F}.Release|iPhone.ActiveCfg = Release|Any CPU
		{5F085C9F-7B7C-49D7-82D5-5E2260E9D44F}.Release|iPhone.Build.0 = Release|Any CPU
		{91647DCA-6F57-4832-9CB0-4AF8AE077D21}.Debug|Any CPU.ActiveCfg = Debug|iPhoneSimulator
		{91647DCA-6F57-4832-9CB0-4AF8AE077D21}.Debug|Any CPU.Build.0 = Debug|iPhoneSimulator
		{91647DCA-6F57-4832-9CB0-4AF8AE077D21}.Release|Any CPU.ActiveCfg = Release|iPhoneSimulator
		{91647DCA-6F57-4832-9CB0-4AF8AE077D21}.Release|Any CPU.Build.0 = Release|iPhoneSimulator
		{91647DCA-6F57-4832-9CB0-4AF8AE077D21}.Debug|iPhoneSimulator.ActiveCfg = Debug|iPhoneSimulator
		{91647DCA-6F57-4832-9CB0-4AF8AE077D21}.Debug|iPhoneSimulator.Build.0 = Debug|iPhoneSimulator
		{91647DCA-6F57-4832-9CB0-4AF8AE077D21}.Release|iPhoneSimulator.ActiveCfg = Release|iPhoneSimulator
		{91647DCA-6F57-4832-9CB0-4AF8AE077D21}.Release|iPhoneSimulator.Build.0 = Release|iPhoneSimulator
		{91647DCA-6F57-4832-9CB0-4AF8AE077D21}.Debug|iPhone.ActiveCfg = Debug|iPhone
		{91647DCA-6F57-4832-9CB0-4AF8AE077D21}.Debug|iPhone.Build.0 = Debug|iPhone
		{91647DCA-6F57-4832-9CB0-4AF8AE077D21}.Release|iPhone.ActiveCfg = Release|iPhone
		{91647DCA-6F57-4832-9CB0-4AF8AE077D21}.Release|iPhone.Build.0 = Release|iPhone
		{C780E0D9-5EC3-4E11-BF20-9C4D5A005ED9}.Debug|Any CPU.ActiveCfg = Debug|Any CPU
		{C780E0D9-5EC3-4E11-BF20-9C4D5A005ED9}.Debug|Any CPU.Build.0 = Debug|Any CPU
		{C780E0D9-5EC3-4E11-BF20-9C4D5A005ED9}.Release|Any CPU.ActiveCfg = Release|Any CPU
		{C780E0D9-5EC3-4E11-BF20-9C4D5A005ED9}.Release|Any CPU.Build.0 = Release|Any CPU
		{C780E0D9-5EC3-4E11-BF20-9C4D5A005ED9}.Debug|iPhoneSimulator.ActiveCfg = Debug|Any CPU
		{C780E0D9-5EC3-4E11-BF20-9C4D5A005ED9}.Debug|iPhoneSimulator.Build.0 = Debug|Any CPU
		{C780E0D9-5EC3-4E11-BF20-9C4D5A005ED9}.Release|iPhoneSimulator.ActiveCfg = Release|Any CPU
		{C780E0D9-5EC3-4E11-BF20-9C4D5A005ED9}.Release|iPhoneSimulator.Build.0 = Release|Any CPU
		{C780E0D9-5EC3-4E11-BF20-9C4D5A005ED9}.Debug|iPhone.ActiveCfg = Debug|Any CPU
		{C780E0D9-5EC3-4E11-BF20-9C4D5A005ED9}.Debug|iPhone.Build.0 = Debug|Any CPU
		{C780E0D9-5EC3-4E11-BF20-9C4D5A005ED9}.Release|iPhone.ActiveCfg = Release|Any CPU
		{C780E0D9-5EC3-4E11-BF20-9C4D5A005ED9}.Release|iPhone.Build.0 = Release|Any CPU
	EndGlobalSection
	GlobalSection(SolutionProperties) = preSolution
		HideSolutionNode = FALSE
	EndGlobalSection
	GlobalSection(ExtensibilityGlobals) = postSolution
		SolutionGuid = {5F96E01F-9757-4FAA-8C4B-5B0EADE0CC55}
	EndGlobalSection
EndGlobal
